
Microsoft Visual Studio Solution File, Format Version 12.00
# Visual Studio 2013
VisualStudioVersion = 12.0.31101.0
MinimumVisualStudioVersion = 10.0.40219.1
Project("{FAE04EC0-301F-11D3-BF4B-00C04F79EFBC}") = "Fredrikstad.Forms", "Fredrikstad.Forms\Fredrikstad.Forms\Fredrikstad.Forms.csproj", "{2A8F6F2C-E07C-43D6-A962-EEDE127434E6}"
EndProject
Project("{FAE04EC0-301F-11D3-BF4B-00C04F79EFBC}") = "Fredrikstad.Forms.iOS", "Fredrikstad.Forms\Fredrikstad.Forms.iOS\Fredrikstad.Forms.iOS.csproj", "{7A50EF2A-88B4-4358-A8E4-3A108F1850D9}"
EndProject
Project("{FAE04EC0-301F-11D3-BF4B-00C04F79EFBC}") = "Fredrikstad.Forms.Droid", "Fredrikstad.Forms\Fredrikstad.Forms.Droid\Fredrikstad.Forms.Droid.csproj", "{10718870-211B-453D-AB29-2ADA9FDCFE42}"
EndProject
Project("{FAE04EC0-301F-11D3-BF4B-00C04F79EFBC}") = "Fredrikstad.Forms.WinPhone", "Fredrikstad.Forms\Fredrikstad.Forms.WinPhone\Fredrikstad.Forms.WinPhone.csproj", "{97E28F47-B9BD-468E-B00A-55EF9AA724BB}"
EndProject
Global
	GlobalSection(SolutionConfigurationPlatforms) = preSolution
		Ad-Hoc|Any CPU = Ad-Hoc|Any CPU
		Ad-Hoc|ARM = Ad-Hoc|ARM
		Ad-Hoc|iPhone = Ad-Hoc|iPhone
		Ad-Hoc|iPhoneSimulator = Ad-Hoc|iPhoneSimulator
		Ad-Hoc|Mixed Platforms = Ad-Hoc|Mixed Platforms
		Ad-Hoc|x86 = Ad-Hoc|x86
		AppStore|Any CPU = AppStore|Any CPU
		AppStore|ARM = AppStore|ARM
		AppStore|iPhone = AppStore|iPhone
		AppStore|iPhoneSimulator = AppStore|iPhoneSimulator
		AppStore|Mixed Platforms = AppStore|Mixed Platforms
		AppStore|x86 = AppStore|x86
		Debug|Any CPU = Debug|Any CPU
		Debug|ARM = Debug|ARM
		Debug|iPhone = Debug|iPhone
		Debug|iPhoneSimulator = Debug|iPhoneSimulator
		Debug|Mixed Platforms = Debug|Mixed Platforms
		Debug|x86 = Debug|x86
		Release|Any CPU = Release|Any CPU
		Release|ARM = Release|ARM
		Release|iPhone = Release|iPhone
		Release|iPhoneSimulator = Release|iPhoneSimulator
		Release|Mixed Platforms = Release|Mixed Platforms
		Release|x86 = Release|x86
	EndGlobalSection
	GlobalSection(ProjectConfigurationPlatforms) = postSolution
		{2A8F6F2C-E07C-43D6-A962-EEDE127434E6}.Ad-Hoc|Any CPU.ActiveCfg = Release|Any CPU
		{2A8F6F2C-E07C-43D6-A962-EEDE127434E6}.Ad-Hoc|Any CPU.Build.0 = Release|Any CPU
		{2A8F6F2C-E07C-43D6-A962-EEDE127434E6}.Ad-Hoc|ARM.ActiveCfg = Release|Any CPU
		{2A8F6F2C-E07C-43D6-A962-EEDE127434E6}.Ad-Hoc|iPhone.ActiveCfg = Release|Any CPU
		{2A8F6F2C-E07C-43D6-A962-EEDE127434E6}.Ad-Hoc|iPhoneSimulator.ActiveCfg = Release|Any CPU
		{2A8F6F2C-E07C-43D6-A962-EEDE127434E6}.Ad-Hoc|Mixed Platforms.ActiveCfg = Release|Any CPU
		{2A8F6F2C-E07C-43D6-A962-EEDE127434E6}.Ad-Hoc|Mixed Platforms.Build.0 = Release|Any CPU
		{2A8F6F2C-E07C-43D6-A962-EEDE127434E6}.Ad-Hoc|x86.ActiveCfg = Release|Any CPU
		{2A8F6F2C-E07C-43D6-A962-EEDE127434E6}.AppStore|Any CPU.ActiveCfg = Release|Any CPU
		{2A8F6F2C-E07C-43D6-A962-EEDE127434E6}.AppStore|Any CPU.Build.0 = Release|Any CPU
		{2A8F6F2C-E07C-43D6-A962-EEDE127434E6}.AppStore|ARM.ActiveCfg = Release|Any CPU
		{2A8F6F2C-E07C-43D6-A962-EEDE127434E6}.AppStore|iPhone.ActiveCfg = Release|Any CPU
		{2A8F6F2C-E07C-43D6-A962-EEDE127434E6}.AppStore|iPhoneSimulator.ActiveCfg = Release|Any CPU
		{2A8F6F2C-E07C-43D6-A962-EEDE127434E6}.AppStore|Mixed Platforms.ActiveCfg = Release|Any CPU
		{2A8F6F2C-E07C-43D6-A962-EEDE127434E6}.AppStore|Mixed Platforms.Build.0 = Release|Any CPU
		{2A8F6F2C-E07C-43D6-A962-EEDE127434E6}.AppStore|x86.ActiveCfg = Release|Any CPU
		{2A8F6F2C-E07C-43D6-A962-EEDE127434E6}.Debug|Any CPU.ActiveCfg = Debug|Any CPU
		{2A8F6F2C-E07C-43D6-A962-EEDE127434E6}.Debug|Any CPU.Build.0 = Debug|Any CPU
		{2A8F6F2C-E07C-43D6-A962-EEDE127434E6}.Debug|ARM.ActiveCfg = Debug|Any CPU
		{2A8F6F2C-E07C-43D6-A962-EEDE127434E6}.Debug|iPhone.ActiveCfg = Debug|Any CPU
		{2A8F6F2C-E07C-43D6-A962-EEDE127434E6}.Debug|iPhoneSimulator.ActiveCfg = Debug|Any CPU
		{2A8F6F2C-E07C-43D6-A962-EEDE127434E6}.Debug|iPhoneSimulator.Build.0 = Debug|Any CPU
		{2A8F6F2C-E07C-43D6-A962-EEDE127434E6}.Debug|Mixed Platforms.ActiveCfg = Debug|Any CPU
		{2A8F6F2C-E07C-43D6-A962-EEDE127434E6}.Debug|Mixed Platforms.Build.0 = Debug|Any CPU
		{2A8F6F2C-E07C-43D6-A962-EEDE127434E6}.Debug|x86.ActiveCfg = Debug|Any CPU
		{2A8F6F2C-E07C-43D6-A962-EEDE127434E6}.Release|Any CPU.ActiveCfg = Release|Any CPU
		{2A8F6F2C-E07C-43D6-A962-EEDE127434E6}.Release|Any CPU.Build.0 = Release|Any CPU
		{2A8F6F2C-E07C-43D6-A962-EEDE127434E6}.Release|ARM.ActiveCfg = Release|Any CPU
		{2A8F6F2C-E07C-43D6-A962-EEDE127434E6}.Release|iPhone.ActiveCfg = Release|Any CPU
		{2A8F6F2C-E07C-43D6-A962-EEDE127434E6}.Release|iPhoneSimulator.ActiveCfg = Release|Any CPU
		{2A8F6F2C-E07C-43D6-A962-EEDE127434E6}.Release|Mixed Platforms.ActiveCfg = Release|Any CPU
		{2A8F6F2C-E07C-43D6-A962-EEDE127434E6}.Release|Mixed Platforms.Build.0 = Release|Any CPU
		{2A8F6F2C-E07C-43D6-A962-EEDE127434E6}.Release|x86.ActiveCfg = Release|Any CPU
		{7A50EF2A-88B4-4358-A8E4-3A108F1850D9}.Ad-Hoc|Any CPU.ActiveCfg = Ad-Hoc|iPhone
		{7A50EF2A-88B4-4358-A8E4-3A108F1850D9}.Ad-Hoc|ARM.ActiveCfg = Ad-Hoc|iPhone
		{7A50EF2A-88B4-4358-A8E4-3A108F1850D9}.Ad-Hoc|iPhone.ActiveCfg = Ad-Hoc|iPhone
		{7A50EF2A-88B4-4358-A8E4-3A108F1850D9}.Ad-Hoc|iPhone.Build.0 = Ad-Hoc|iPhone
		{7A50EF2A-88B4-4358-A8E4-3A108F1850D9}.Ad-Hoc|iPhoneSimulator.ActiveCfg = Ad-Hoc|iPhoneSimulator
		{7A50EF2A-88B4-4358-A8E4-3A108F1850D9}.Ad-Hoc|iPhoneSimulator.Build.0 = Ad-Hoc|iPhoneSimulator
		{7A50EF2A-88B4-4358-A8E4-3A108F1850D9}.Ad-Hoc|Mixed Platforms.ActiveCfg = Ad-Hoc|iPhone
		{7A50EF2A-88B4-4358-A8E4-3A108F1850D9}.Ad-Hoc|Mixed Platforms.Build.0 = Ad-Hoc|iPhone
		{7A50EF2A-88B4-4358-A8E4-3A108F1850D9}.Ad-Hoc|x86.ActiveCfg = Ad-Hoc|iPhone
		{7A50EF2A-88B4-4358-A8E4-3A108F1850D9}.AppStore|Any CPU.ActiveCfg = AppStore|iPhone
		{7A50EF2A-88B4-4358-A8E4-3A108F1850D9}.AppStore|ARM.ActiveCfg = AppStore|iPhone
		{7A50EF2A-88B4-4358-A8E4-3A108F1850D9}.AppStore|iPhone.ActiveCfg = AppStore|iPhone
		{7A50EF2A-88B4-4358-A8E4-3A108F1850D9}.AppStore|iPhone.Build.0 = AppStore|iPhone
		{7A50EF2A-88B4-4358-A8E4-3A108F1850D9}.AppStore|iPhoneSimulator.ActiveCfg = AppStore|iPhoneSimulator
		{7A50EF2A-88B4-4358-A8E4-3A108F1850D9}.AppStore|iPhoneSimulator.Build.0 = AppStore|iPhoneSimulator
		{7A50EF2A-88B4-4358-A8E4-3A108F1850D9}.AppStore|Mixed Platforms.ActiveCfg = AppStore|iPhone
		{7A50EF2A-88B4-4358-A8E4-3A108F1850D9}.AppStore|Mixed Platforms.Build.0 = AppStore|iPhone
		{7A50EF2A-88B4-4358-A8E4-3A108F1850D9}.AppStore|x86.ActiveCfg = AppStore|iPhone
		{7A50EF2A-88B4-4358-A8E4-3A108F1850D9}.Debug|Any CPU.ActiveCfg = Debug|iPhone
		{7A50EF2A-88B4-4358-A8E4-3A108F1850D9}.Debug|ARM.ActiveCfg = Debug|iPhone
		{7A50EF2A-88B4-4358-A8E4-3A108F1850D9}.Debug|iPhone.ActiveCfg = Debug|iPhone
		{7A50EF2A-88B4-4358-A8E4-3A108F1850D9}.Debug|iPhone.Build.0 = Debug|iPhone
		{7A50EF2A-88B4-4358-A8E4-3A108F1850D9}.Debug|iPhoneSimulator.ActiveCfg = Debug|iPhoneSimulator
		{7A50EF2A-88B4-4358-A8E4-3A108F1850D9}.Debug|iPhoneSimulator.Build.0 = Debug|iPhoneSimulator
		{7A50EF2A-88B4-4358-A8E4-3A108F1850D9}.Debug|Mixed Platforms.ActiveCfg = Debug|iPhone
		{7A50EF2A-88B4-4358-A8E4-3A108F1850D9}.Debug|Mixed Platforms.Build.0 = Debug|iPhone
		{7A50EF2A-88B4-4358-A8E4-3A108F1850D9}.Debug|x86.ActiveCfg = Debug|iPhone
		{7A50EF2A-88B4-4358-A8E4-3A108F1850D9}.Release|Any CPU.ActiveCfg = Release|iPhone
		{7A50EF2A-88B4-4358-A8E4-3A108F1850D9}.Release|ARM.ActiveCfg = Release|iPhone
		{7A50EF2A-88B4-4358-A8E4-3A108F1850D9}.Release|iPhone.ActiveCfg = Release|iPhone
		{7A50EF2A-88B4-4358-A8E4-3A108F1850D9}.Release|iPhone.Build.0 = Release|iPhone
		{7A50EF2A-88B4-4358-A8E4-3A108F1850D9}.Release|iPhoneSimulator.ActiveCfg = Release|iPhoneSimulator
		{7A50EF2A-88B4-4358-A8E4-3A108F1850D9}.Release|iPhoneSimulator.Build.0 = Release|iPhoneSimulator
		{7A50EF2A-88B4-4358-A8E4-3A108F1850D9}.Release|Mixed Platforms.ActiveCfg = Release|iPhone
		{7A50EF2A-88B4-4358-A8E4-3A108F1850D9}.Release|Mixed Platforms.Build.0 = Release|iPhone
		{7A50EF2A-88B4-4358-A8E4-3A108F1850D9}.Release|x86.ActiveCfg = Release|iPhone
		{10718870-211B-453D-AB29-2ADA9FDCFE42}.Ad-Hoc|Any CPU.ActiveCfg = Release|Any CPU
		{10718870-211B-453D-AB29-2ADA9FDCFE42}.Ad-Hoc|Any CPU.Build.0 = Release|Any CPU
		{10718870-211B-453D-AB29-2ADA9FDCFE42}.Ad-Hoc|Any CPU.Deploy.0 = Release|Any CPU
		{10718870-211B-453D-AB29-2ADA9FDCFE42}.Ad-Hoc|ARM.ActiveCfg = Release|Any CPU
		{10718870-211B-453D-AB29-2ADA9FDCFE42}.Ad-Hoc|iPhone.ActiveCfg = Release|Any CPU
		{10718870-211B-453D-AB29-2ADA9FDCFE42}.Ad-Hoc|iPhoneSimulator.ActiveCfg = Release|Any CPU
		{10718870-211B-453D-AB29-2ADA9FDCFE42}.Ad-Hoc|Mixed Platforms.ActiveCfg = Release|Any CPU
		{10718870-211B-453D-AB29-2ADA9FDCFE42}.Ad-Hoc|Mixed Platforms.Build.0 = Release|Any CPU
		{10718870-211B-453D-AB29-2ADA9FDCFE42}.Ad-Hoc|Mixed Platforms.Deploy.0 = Release|Any CPU
		{10718870-211B-453D-AB29-2ADA9FDCFE42}.Ad-Hoc|x86.ActiveCfg = Release|Any CPU
		{10718870-211B-453D-AB29-2ADA9FDCFE42}.AppStore|Any CPU.ActiveCfg = Release|Any CPU
		{10718870-211B-453D-AB29-2ADA9FDCFE42}.AppStore|Any CPU.Build.0 = Release|Any CPU
		{10718870-211B-453D-AB29-2ADA9FDCFE42}.AppStore|Any CPU.Deploy.0 = Release|Any CPU
		{10718870-211B-453D-AB29-2ADA9FDCFE42}.AppStore|ARM.ActiveCfg = Release|Any CPU
		{10718870-211B-453D-AB29-2ADA9FDCFE42}.AppStore|iPhone.ActiveCfg = Release|Any CPU
		{10718870-211B-453D-AB29-2ADA9FDCFE42}.AppStore|iPhoneSimulator.ActiveCfg = Release|Any CPU
		{10718870-211B-453D-AB29-2ADA9FDCFE42}.AppStore|Mixed Platforms.ActiveCfg = Release|Any CPU
		{10718870-211B-453D-AB29-2ADA9FDCFE42}.AppStore|Mixed Platforms.Build.0 = Release|Any CPU
		{10718870-211B-453D-AB29-2ADA9FDCFE42}.AppStore|Mixed Platforms.Deploy.0 = Release|Any CPU
		{10718870-211B-453D-AB29-2ADA9FDCFE42}.AppStore|x86.ActiveCfg = Release|Any CPU
		{10718870-211B-453D-AB29-2ADA9FDCFE42}.Debug|Any CPU.ActiveCfg = Debug|Any CPU
		{10718870-211B-453D-AB29-2ADA9FDCFE42}.Debug|Any CPU.Build.0 = Debug|Any CPU
		{10718870-211B-453D-AB29-2ADA9FDCFE42}.Debug|Any CPU.Deploy.0 = Debug|Any CPU
		{10718870-211B-453D-AB29-2ADA9FDCFE42}.Debug|ARM.ActiveCfg = Debug|Any CPU
		{10718870-211B-453D-AB29-2ADA9FDCFE42}.Debug|iPhone.ActiveCfg = Debug|Any CPU
		{10718870-211B-453D-AB29-2ADA9FDCFE42}.Debug|iPhoneSimulator.ActiveCfg = Debug|Any CPU
		{10718870-211B-453D-AB29-2ADA9FDCFE42}.Debug|Mixed Platforms.ActiveCfg = Debug|Any CPU
		{10718870-211B-453D-AB29-2ADA9FDCFE42}.Debug|Mixed Platforms.Build.0 = Debug|Any CPU
		{10718870-211B-453D-AB29-2ADA9FDCFE42}.Debug|Mixed Platforms.Deploy.0 = Debug|Any CPU
		{10718870-211B-453D-AB29-2ADA9FDCFE42}.Debug|x86.ActiveCfg = Debug|Any CPU
		{10718870-211B-453D-AB29-2ADA9FDCFE42}.Release|Any CPU.ActiveCfg = Release|Any CPU
		{10718870-211B-453D-AB29-2ADA9FDCFE42}.Release|Any CPU.Build.0 = Release|Any CPU
		{10718870-211B-453D-AB29-2ADA9FDCFE42}.Release|Any CPU.Deploy.0 = Release|Any CPU
		{10718870-211B-453D-AB29-2ADA9FDCFE42}.Release|ARM.ActiveCfg = Release|Any CPU
		{10718870-211B-453D-AB29-2ADA9FDCFE42}.Release|iPhone.ActiveCfg = Release|Any CPU
		{10718870-211B-453D-AB29-2ADA9FDCFE42}.Release|iPhoneSimulator.ActiveCfg = Release|Any CPU
		{10718870-211B-453D-AB29-2ADA9FDCFE42}.Release|Mixed Platforms.ActiveCfg = Release|Any CPU
		{10718870-211B-453D-AB29-2ADA9FDCFE42}.Release|Mixed Platforms.Build.0 = Release|Any CPU
		{10718870-211B-453D-AB29-2ADA9FDCFE42}.Release|Mixed Platforms.Deploy.0 = Release|Any CPU
		{10718870-211B-453D-AB29-2ADA9FDCFE42}.Release|x86.ActiveCfg = Release|Any CPU
		{97E28F47-B9BD-468E-B00A-55EF9AA724BB}.Ad-Hoc|Any CPU.ActiveCfg = Release|Any CPU
		{97E28F47-B9BD-468E-B00A-55EF9AA724BB}.Ad-Hoc|Any CPU.Build.0 = Release|Any CPU
		{97E28F47-B9BD-468E-B00A-55EF9AA724BB}.Ad-Hoc|Any CPU.Deploy.0 = Release|Any CPU
		{97E28F47-B9BD-468E-B00A-55EF9AA724BB}.Ad-Hoc|ARM.ActiveCfg = Release|ARM
		{97E28F47-B9BD-468E-B00A-55EF9AA724BB}.Ad-Hoc|ARM.Build.0 = Release|ARM
		{97E28F47-B9BD-468E-B00A-55EF9AA724BB}.Ad-Hoc|ARM.Deploy.0 = Release|ARM
		{97E28F47-B9BD-468E-B00A-55EF9AA724BB}.Ad-Hoc|iPhone.ActiveCfg = Release|Any CPU
		{97E28F47-B9BD-468E-B00A-55EF9AA724BB}.Ad-Hoc|iPhoneSimulator.ActiveCfg = Release|Any CPU
		{97E28F47-B9BD-468E-B00A-55EF9AA724BB}.Ad-Hoc|Mixed Platforms.ActiveCfg = Release|x86
		{97E28F47-B9BD-468E-B00A-55EF9AA724BB}.Ad-Hoc|Mixed Platforms.Build.0 = Release|x86
		{97E28F47-B9BD-468E-B00A-55EF9AA724BB}.Ad-Hoc|Mixed Platforms.Deploy.0 = Release|x86
		{97E28F47-B9BD-468E-B00A-55EF9AA724BB}.Ad-Hoc|x86.ActiveCfg = Release|x86
		{97E28F47-B9BD-468E-B00A-55EF9AA724BB}.Ad-Hoc|x86.Build.0 = Release|x86
		{97E28F47-B9BD-468E-B00A-55EF9AA724BB}.Ad-Hoc|x86.Deploy.0 = Release|x86
		{97E28F47-B9BD-468E-B00A-55EF9AA724BB}.AppStore|Any CPU.ActiveCfg = Release|Any CPU
		{97E28F47-B9BD-468E-B00A-55EF9AA724BB}.AppStore|Any CPU.Build.0 = Release|Any CPU
		{97E28F47-B9BD-468E-B00A-55EF9AA724BB}.AppStore|Any CPU.Deploy.0 = Release|Any CPU
		{97E28F47-B9BD-468E-B00A-55EF9AA724BB}.AppStore|ARM.ActiveCfg = Release|ARM
		{97E28F47-B9BD-468E-B00A-55EF9AA724BB}.AppStore|ARM.Build.0 = Release|ARM
		{97E28F47-B9BD-468E-B00A-55EF9AA724BB}.AppStore|ARM.Deploy.0 = Release|ARM
		{97E28F47-B9BD-468E-B00A-55EF9AA724BB}.AppStore|iPhone.ActiveCfg = Release|Any CPU
		{97E28F47-B9BD-468E-B00A-55EF9AA724BB}.AppStore|iPhoneSimulator.ActiveCfg = Release|Any CPU
		{97E28F47-B9BD-468E-B00A-55EF9AA724BB}.AppStore|Mixed Platforms.ActiveCfg = Release|x86
		{97E28F47-B9BD-468E-B00A-55EF9AA724BB}.AppStore|Mixed Platforms.Build.0 = Release|x86
		{97E28F47-B9BD-468E-B00A-55EF9AA724BB}.AppStore|Mixed Platforms.Deploy.0 = Release|x86
		{97E28F47-B9BD-468E-B00A-55EF9AA724BB}.AppStore|x86.ActiveCfg = Release|x86
		{97E28F47-B9BD-468E-B00A-55EF9AA724BB}.AppStore|x86.Build.0 = Release|x86
		{97E28F47-B9BD-468E-B00A-55EF9AA724BB}.AppStore|x86.Deploy.0 = Release|x86
		{97E28F47-B9BD-468E-B00A-55EF9AA724BB}.Debug|Any CPU.ActiveCfg = Debug|Any CPU
		{97E28F47-B9BD-468E-B00A-55EF9AA724BB}.Debug|Any CPU.Build.0 = Debug|Any CPU
		{97E28F47-B9BD-468E-B00A-55EF9AA724BB}.Debug|Any CPU.Deploy.0 = Debug|Any CPU
		{97E28F47-B9BD-468E-B00A-55EF9AA724BB}.Debug|ARM.ActiveCfg = Debug|ARM
		{97E28F47-B9BD-468E-B00A-55EF9AA724BB}.Debug|ARM.Build.0 = Debug|ARM
		{97E28F47-B9BD-468E-B00A-55EF9AA724BB}.Debug|ARM.Deploy.0 = Debug|ARM
		{97E28F47-B9BD-468E-B00A-55EF9AA724BB}.Debug|iPhone.ActiveCfg = Debug|Any CPU
		{97E28F47-B9BD-468E-B00A-55EF9AA724BB}.Debug|iPhoneSimulator.ActiveCfg = Debug|Any CPU
		{97E28F47-B9BD-468E-B00A-55EF9AA724BB}.Debug|Mixed Platforms.ActiveCfg = Debug|x86
		{97E28F47-B9BD-468E-B00A-55EF9AA724BB}.Debug|Mixed Platforms.Build.0 = Debug|x86
		{97E28F47-B9BD-468E-B00A-55EF9AA724BB}.Debug|Mixed Platforms.Deploy.0 = Debug|x86
		{97E28F47-B9BD-468E-B00A-55EF9AA724BB}.Debug|x86.ActiveCfg = Debug|x86
		{97E28F47-B9BD-468E-B00A-55EF9AA724BB}.Debug|x86.Build.0 = Debug|x86
		{97E28F47-B9BD-468E-B00A-55EF9AA724BB}.Debug|x86.Deploy.0 = Debug|x86
		{97E28F47-B9BD-468E-B00A-55EF9AA724BB}.Release|Any CPU.ActiveCfg = Release|Any CPU
		{97E28F47-B9BD-468E-B00A-55EF9AA724BB}.Release|Any CPU.Build.0 = Release|Any CPU
		{97E28F47-B9BD-468E-B00A-55EF9AA724BB}.Release|Any CPU.Deploy.0 = Release|Any CPU
		{97E28F47-B9BD-468E-B00A-55EF9AA724BB}.Release|ARM.ActiveCfg = Release|ARM
		{97E28F47-B9BD-468E-B00A-55EF9AA724BB}.Release|ARM.Build.0 = Release|ARM
		{97E28F47-B9BD-468E-B00A-55EF9AA724BB}.Release|ARM.Deploy.0 = Release|ARM
		{97E28F47-B9BD-468E-B00A-55EF9AA724BB}.Release|iPhone.ActiveCfg = Release|Any CPU
		{97E28F47-B9BD-468E-B00A-55EF9AA724BB}.Release|iPhoneSimulator.ActiveCfg = Release|Any CPU
		{97E28F47-B9BD-468E-B00A-55EF9AA724BB}.Release|Mixed Platforms.ActiveCfg = Release|x86
		{97E28F47-B9BD-468E-B00A-55EF9AA724BB}.Release|Mixed Platforms.Build.0 = Release|x86
		{97E28F47-B9BD-468E-B00A-55EF9AA724BB}.Release|Mixed Platforms.Deploy.0 = Release|x86
		{97E28F47-B9BD-468E-B00A-55EF9AA724BB}.Release|x86.ActiveCfg = Release|x86
		{97E28F47-B9BD-468E-B00A-55EF9AA724BB}.Release|x86.Build.0 = Release|x86
		{97E28F47-B9BD-468E-B00A-55EF9AA724BB}.Release|x86.Deploy.0 = Release|x86
	EndGlobalSection
	GlobalSection(SolutionProperties) = preSolution
		HideSolutionNode = FALSE
	EndGlobalSection
EndGlobal
